# This file is automatically @generated by Wally.
# It is not intended for manual editing.
registry = "test"

[[package]]
name = "csqrl/sift"
version = "0.0.5"
dependencies = []

[[package]]
name = "evaera/cmdr"
version = "1.9.0"
dependencies = []

[[package]]
name = "evaera/promise"
version = "4.0.0"
dependencies = []

[[package]]
name = "freddylist/llama"
version = "1.1.1"
dependencies = []

[[package]]
name = "howmanysmall/janitor"
version = "1.15.1"
dependencies = []

[[package]]
name = "osyrisrblx/t"
version = "3.0.0"
dependencies = []

[[package]]
name = "reselim/flipper"
version = "2.0.0"
dependencies = []

[[package]]
name = "roblox/roact"
version = "1.4.4"
dependencies = []

[[package]]
name = "roblox/testez"
version = "0.4.1"
dependencies = []

[[package]]
name = "sleitnick/trove"
version = "0.5.0"
dependencies = []

[[package]]
name = "user/the-roulette"
version = "0.1.0"
dependencies = [["class", "vocksel/class@0.1.1"], ["cmdr", "evaera/cmdr@1.9.0"], ["flipper", "reselim/flipper@2.0.0"], ["import", "vocksel/import@2.1.0"], ["janitor", "howmanysmall/janitor@1.15.1"], ["promise", "evaera/promise@4.0.0"], ["roact", "roblox/roact@1.4.4"], ["sift", "csqrl/sift@0.0.5"], ["trove", "sleitnick/trove@0.5.0"]]

[[package]]
name = "vocksel/class"
version = "0.1.1"
dependencies = [["TestEZ", "roblox/testez@0.4.1"]]

[[package]]
name = "vocksel/import"
version = "2.1.0"
dependencies = [["Llama", "freddylist/llama@1.1.1"], ["TestEZ", "roblox/testez@0.4.1"], ["t", "osyrisrblx/t@3.0.0"]]
